
Microsoft Visual Studio Solution File, Format Version 12.00
# Visual Studio Version 16
VisualStudioVersion = 16.0.31005.135
MinimumVisualStudioVersion = 10.0.40219.1
Project("{FAE04EC0-301F-11D3-BF4B-00C04F79EFBC}") = "FleetManager.API", "FleetManager.API\FleetManager.API.csproj", "{1D68A0A4-9BD2-4D05-94E7-168AC28323A2}"
EndProject
Global
	GlobalSection(SolutionConfigurationPlatforms) = preSolution
		Debug|Any CPU = Debug|Any CPU
		Release|Any CPU = Release|Any CPU
	EndGlobalSection
	GlobalSection(ProjectConfigurationPlatforms) = postSolution
		{1D68A0A4-9BD2-4D05-94E7-168AC28323A2}.Debug|Any CPU.ActiveCfg = Debug|Any CPU
		{1D68A0A4-9BD2-4D05-94E7-168AC28323A2}.Debug|Any CPU.Build.0 = Debug|Any CPU
		{1D68A0A4-9BD2-4D05-94E7-168AC28323A2}.Release|Any CPU.ActiveCfg = Release|Any CPU
		{1D68A0A4-9BD2-4D05-94E7-168AC28323A2}.Release|Any CPU.Build.0 = Release|Any CPU
	EndGlobalSection
	GlobalSection(SolutionProperties) = preSolution
		HideSolutionNode = FALSE
	EndGlobalSection
	GlobalSection(ExtensibilityGlobals) = postSolution
		SolutionGuid = {610490ED-3368-4D03-9B05-891EB2FC4268}
	EndGlobalSection
EndGlobal
