
Microsoft Visual Studio Solution File, Format Version 12.00
# Visual Studio Version 16
VisualStudioVersion = 16.0.31005.135
MinimumVisualStudioVersion = 10.0.40219.1
Project("{9A19103F-16F7-4668-BE54-9A1E7A4F7556}") = "FleetManager.API", "FleetManager.API\FleetManager.API.csproj", "{1D68A0A4-9BD2-4D05-94E7-168AC28323A2}"
EndProject
Project("{FAE04EC0-301F-11D3-BF4B-00C04F79EFBC}") = "FleetManager.Infrastructure", "FleetManager.Infrastructure\FleetManager.Infrastructure.csproj", "{DA09D721-370F-4CC1-B7E5-0CCE09633CB6}"
EndProject
Project("{FAE04EC0-301F-11D3-BF4B-00C04F79EFBC}") = "FleetManager.Domain", "FleetManager.Domain\FleetManager.Domain.csproj", "{6F271F03-0EC4-4E76-98F8-F94E236F9E6E}"
EndProject
Global
	GlobalSection(SolutionConfigurationPlatforms) = preSolution
		Debug|Any CPU = Debug|Any CPU
		Release|Any CPU = Release|Any CPU
	EndGlobalSection
	GlobalSection(ProjectConfigurationPlatforms) = postSolution
		{1D68A0A4-9BD2-4D05-94E7-168AC28323A2}.Debug|Any CPU.ActiveCfg = Debug|Any CPU
		{1D68A0A4-9BD2-4D05-94E7-168AC28323A2}.Debug|Any CPU.Build.0 = Debug|Any CPU
		{1D68A0A4-9BD2-4D05-94E7-168AC28323A2}.Release|Any CPU.ActiveCfg = Release|Any CPU
		{1D68A0A4-9BD2-4D05-94E7-168AC28323A2}.Release|Any CPU.Build.0 = Release|Any CPU
		{DA09D721-370F-4CC1-B7E5-0CCE09633CB6}.Debug|Any CPU.ActiveCfg = Debug|Any CPU
		{DA09D721-370F-4CC1-B7E5-0CCE09633CB6}.Debug|Any CPU.Build.0 = Debug|Any CPU
		{DA09D721-370F-4CC1-B7E5-0CCE09633CB6}.Release|Any CPU.ActiveCfg = Release|Any CPU
		{DA09D721-370F-4CC1-B7E5-0CCE09633CB6}.Release|Any CPU.Build.0 = Release|Any CPU
		{6F271F03-0EC4-4E76-98F8-F94E236F9E6E}.Debug|Any CPU.ActiveCfg = Debug|Any CPU
		{6F271F03-0EC4-4E76-98F8-F94E236F9E6E}.Debug|Any CPU.Build.0 = Debug|Any CPU
		{6F271F03-0EC4-4E76-98F8-F94E236F9E6E}.Release|Any CPU.ActiveCfg = Release|Any CPU
		{6F271F03-0EC4-4E76-98F8-F94E236F9E6E}.Release|Any CPU.Build.0 = Release|Any CPU
	EndGlobalSection
	GlobalSection(SolutionProperties) = preSolution
		HideSolutionNode = FALSE
	EndGlobalSection
	GlobalSection(ExtensibilityGlobals) = postSolution
		SolutionGuid = {610490ED-3368-4D03-9B05-891EB2FC4268}
	EndGlobalSection
EndGlobal
